{
  "name": "MAIS_web",
  "lockfileVersion": 3,
  "requires": true,
  "packages": {
    "": {
      "dependencies": {
        "react-icons": "^5.5.0",
        "react": "19.0.0"
      }
    },
    "node_modules/react": {
      "version": "19.0.0",
      "resolved": "https://registry.npmjs.org/react/-/react-18.3.1.tgz",
      "integrity": "sha512-<updated-integrity-hash>",
      "license": "MIT",
      "peer": true,
      "engines": {
        "node": ">=0.10.0"
      }
    },
    "node_modules/react-icons": {
      "version": "5.5.0",
      "resolved": "https://registry.npmjs.org/react-icons/-/react-icons-5.5.0.tgz",
      "integrity": "sha512-MEFcXdkP3dLo8uumGI5xN3lDFNsRtrjbOEKDLD7yv76v4wpnEq2Lt2qeHaQOr34I/wPN3s3+N08WkQ+CW37Xiw==",
      "license": "MIT",
      "peerDependencies": {
        "react": "^19.0.0"
      }
    },
    "node_modules/react-simple-maps": {
      "version": "3.0.0",
      "resolved": "https://registry.npmjs.org/react-simple-maps/-/react-simple-maps-3.0.0.tgz",
      "integrity": "sha512-<updated-integrity-hash>",
      "license": "MIT",
      "peerDependencies": {
        "react": "^16.8.0 || 17.x || 18.x || 19.x"
      }
    }
  }
}
